// !$*UTF8*$!
{
	archiveVersion = 1;
	classes = {
	};
	objectVersion = 50;
	objects = {

/* Begin PBXBuildFile section */
		6872107026BA68AA0044A8E9 /* TodoApp.swift in Sources */ = {isa = PBXBuildFile; fileRef = 6872106F26BA68AA0044A8E9 /* TodoApp.swift */; };
		6872107226BA68AA0044A8E9 /* ContentView.swift in Sources */ = {isa = PBXBuildFile; fileRef = 6872107126BA68AA0044A8E9 /* ContentView.swift */; };
		6872107426BA68AB0044A8E9 /* Assets.xcassets in Resources */ = {isa = PBXBuildFile; fileRef = 6872107326BA68AB0044A8E9 /* Assets.xcassets */; };
		6872107726BA68AB0044A8E9 /* Preview Assets.xcassets in Resources */ = {isa = PBXBuildFile; fileRef = 6872107626BA68AB0044A8E9 /* Preview Assets.xcassets */; };
		6872108126BA6AFE0044A8E9 /* Task.swift in Sources */ = {isa = PBXBuildFile; fileRef = 6872108026BA6AFE0044A8E9 /* Task.swift */; };
		6872108626BA6B710044A8E9 /* TaskManager.swift in Sources */ = {isa = PBXBuildFile; fileRef = 6872108526BA6B710044A8E9 /* TaskManager.swift */; };
		6872108B26BA6C9C0044A8E9 /* TaskList.swift in Sources */ = {isa = PBXBuildFile; fileRef = 6872108A26BA6C9C0044A8E9 /* TaskList.swift */; };
		6872108E26BA6CE60044A8E9 /* TaskMiniView.swift in Sources */ = {isa = PBXBuildFile; fileRef = 6872108D26BA6CE60044A8E9 /* TaskMiniView.swift */; };
		6872109326BA73990044A8E9 /* CheckmarkButton.swift in Sources */ = {isa = PBXBuildFile; fileRef = 6872109226BA73990044A8E9 /* CheckmarkButton.swift */; };
		6872109726BA73B50044A8E9 /* TitleAndDescriptionView.swift in Sources */ = {isa = PBXBuildFile; fileRef = 6872109626BA73B50044A8E9 /* TitleAndDescriptionView.swift */; };
/* End PBXBuildFile section */

/* Begin PBXFileReference section */
		6872106C26BA68AA0044A8E9 /* Todo.app */ = {isa = PBXFileReference; explicitFileType = wrapper.application; includeInIndex = 0; path = Todo.app; sourceTree = BUILT_PRODUCTS_DIR; };
		6872106F26BA68AA0044A8E9 /* TodoApp.swift */ = {isa = PBXFileReference; lastKnownFileType = sourcecode.swift; path = TodoApp.swift; sourceTree = "<group>"; };
		6872107126BA68AA0044A8E9 /* ContentView.swift */ = {isa = PBXFileReference; lastKnownFileType = sourcecode.swift; path = ContentView.swift; sourceTree = "<group>"; };
		6872107326BA68AB0044A8E9 /* Assets.xcassets */ = {isa = PBXFileReference; lastKnownFileType = folder.assetcatalog; path = Assets.xcassets; sourceTree = "<group>"; };
		6872107626BA68AB0044A8E9 /* Preview Assets.xcassets */ = {isa = PBXFileReference; lastKnownFileType = folder.assetcatalog; path = "Preview Assets.xcassets"; sourceTree = "<group>"; };
		6872107826BA68AB0044A8E9 /* Info.plist */ = {isa = PBXFileReference; lastKnownFileType = text.plist.xml; path = Info.plist; sourceTree = "<group>"; };
		6872108026BA6AFE0044A8E9 /* Task.swift */ = {isa = PBXFileReference; lastKnownFileType = sourcecode.swift; path = Task.swift; sourceTree = "<group>"; };
		6872108526BA6B710044A8E9 /* TaskManager.swift */ = {isa = PBXFileReference; lastKnownFileType = sourcecode.swift; path = TaskManager.swift; sourceTree = "<group>"; };
		6872108A26BA6C9C0044A8E9 /* TaskList.swift */ = {isa = PBXFileReference; lastKnownFileType = sourcecode.swift; path = TaskList.swift; sourceTree = "<group>"; };
		6872108D26BA6CE60044A8E9 /* TaskMiniView.swift */ = {isa = PBXFileReference; lastKnownFileType = sourcecode.swift; path = TaskMiniView.swift; sourceTree = "<group>"; };
		6872109226BA73990044A8E9 /* CheckmarkButton.swift */ = {isa = PBXFileReference; lastKnownFileType = sourcecode.swift; path = CheckmarkButton.swift; sourceTree = "<group>"; };
		6872109626BA73B50044A8E9 /* TitleAndDescriptionView.swift */ = {isa = PBXFileReference; lastKnownFileType = sourcecode.swift; path = TitleAndDescriptionView.swift; sourceTree = "<group>"; };
/* End PBXFileReference section */

/* Begin PBXFrameworksBuildPhase section */
		6872106926BA68AA0044A8E9 /* Frameworks */ = {
			isa = PBXFrameworksBuildPhase;
			buildActionMask = 2147483647;
			files = (
			);
			runOnlyForDeploymentPostprocessing = 0;
		};
/* End PBXFrameworksBuildPhase section */

/* Begin PBXGroup section */
		6872106326BA68AA0044A8E9 = {
			isa = PBXGroup;
			children = (
				6872106E26BA68AA0044A8E9 /* Todo */,
				6872106D26BA68AA0044A8E9 /* Products */,
			);
			sourceTree = "<group>";
		};
		6872106D26BA68AA0044A8E9 /* Products */ = {
			isa = PBXGroup;
			children = (
				6872106C26BA68AA0044A8E9 /* Todo.app */,
			);
			name = Products;
			sourceTree = "<group>";
		};
		6872106E26BA68AA0044A8E9 /* Todo */ = {
			isa = PBXGroup;
			children = (
				6872108926BA6C8B0044A8E9 /* Views */,
				6872108426BA6B630044A8E9 /* ViewModel */,
				6872107F26BA6AF30044A8E9 /* Model */,
				6872106F26BA68AA0044A8E9 /* TodoApp.swift */,
				6872107126BA68AA0044A8E9 /* ContentView.swift */,
				6872107326BA68AB0044A8E9 /* Assets.xcassets */,
				6872107826BA68AB0044A8E9 /* Info.plist */,
				6872107526BA68AB0044A8E9 /* Preview Content */,
			);
			path = Todo;
			sourceTree = "<group>";
		};
		6872107526BA68AB0044A8E9 /* Preview Content */ = {
			isa = PBXGroup;
			children = (
				6872107626BA68AB0044A8E9 /* Preview Assets.xcassets */,
			);
			path = "Preview Content";
			sourceTree = "<group>";
		};
		6872107F26BA6AF30044A8E9 /* Model */ = {
			isa = PBXGroup;
			children = (
				6872108026BA6AFE0044A8E9 /* Task.swift */,
			);
			path = Model;
			sourceTree = "<group>";
		};
		6872108426BA6B630044A8E9 /* ViewModel */ = {
			isa = PBXGroup;
			children = (
				6872108526BA6B710044A8E9 /* TaskManager.swift */,
			);
			path = ViewModel;
			sourceTree = "<group>";
		};
		6872108926BA6C8B0044A8E9 /* Views */ = {
			isa = PBXGroup;
			children = (
				6872109126BA73860044A8E9 /* TaskMini */,
				6872108A26BA6C9C0044A8E9 /* TaskList.swift */,
			);
			path = Views;
			sourceTree = "<group>";
		};
		6872109126BA73860044A8E9 /* TaskMini */ = {
			isa = PBXGroup;
			children = (
				6872108D26BA6CE60044A8E9 /* TaskMiniView.swift */,
				6872109626BA73B50044A8E9 /* TitleAndDescriptionView.swift */,
				6872109226BA73990044A8E9 /* CheckmarkButton.swift */,
			);
			path = TaskMini;
			sourceTree = "<group>";
		};
/* End PBXGroup section */

/* Begin PBXNativeTarget section */
		6872106B26BA68AA0044A8E9 /* Todo */ = {
			isa = PBXNativeTarget;
			buildConfigurationList = 6872107B26BA68AB0044A8E9 /* Build configuration list for PBXNativeTarget "Todo" */;
			buildPhases = (
				6872106826BA68AA0044A8E9 /* Sources */,
				6872106926BA68AA0044A8E9 /* Frameworks */,
				6872106A26BA68AA0044A8E9 /* Resources */,
			);
			buildRules = (
			);
			dependencies = (
			);
			name = Todo;
			productName = Todo;
			productReference = 6872106C26BA68AA0044A8E9 /* Todo.app */;
			productType = "com.apple.product-type.application";
		};
/* End PBXNativeTarget section */

/* Begin PBXProject section */
		6872106426BA68AA0044A8E9 /* Project object */ = {
			isa = PBXProject;
			attributes = {
				LastSwiftUpdateCheck = 1230;
				LastUpgradeCheck = 1230;
				TargetAttributes = {
					6872106B26BA68AA0044A8E9 = {
						CreatedOnToolsVersion = 12.3;
					};
				};
			};
			buildConfigurationList = 6872106726BA68AA0044A8E9 /* Build configuration list for PBXProject "Todo" */;
			compatibilityVersion = "Xcode 9.3";
			developmentRegion = en;
			hasScannedForEncodings = 0;
			knownRegions = (
				en,
				Base,
			);
			mainGroup = 6872106326BA68AA0044A8E9;
			productRefGroup = 6872106D26BA68AA0044A8E9 /* Products */;
			projectDirPath = "";
			projectRoot = "";
			targets = (
				6872106B26BA68AA0044A8E9 /* Todo */,
			);
		};
/* End PBXProject section */

/* Begin PBXResourcesBuildPhase section */
		6872106A26BA68AA0044A8E9 /* Resources */ = {
			isa = PBXResourcesBuildPhase;
			buildActionMask = 2147483647;
			files = (
				6872107726BA68AB0044A8E9 /* Preview Assets.xcassets in Resources */,
				6872107426BA68AB0044A8E9 /* Assets.xcassets in Resources */,
			);
			runOnlyForDeploymentPostprocessing = 0;
		};
/* End PBXResourcesBuildPhase section */

/* Begin PBXSourcesBuildPhase section */
		6872106826BA68AA0044A8E9 /* Sources */ = {
			isa = PBXSourcesBuildPhase;
			buildActionMask = 2147483647;
			files = (
				6872107226BA68AA0044A8E9 /* ContentView.swift in Sources */,
				6872108E26BA6CE60044A8E9 /* TaskMiniView.swift in Sources */,
				6872108B26BA6C9C0044A8E9 /* TaskList.swift in Sources */,
				6872109326BA73990044A8E9 /* CheckmarkButton.swift in Sources */,
				6872109726BA73B50044A8E9 /* TitleAndDescriptionView.swift in Sources */,
				6872108126BA6AFE0044A8E9 /* Task.swift in Sources */,
				6872108626BA6B710044A8E9 /* TaskManager.swift in Sources */,
				6872107026BA68AA0044A8E9 /* TodoApp.swift in Sources */,
			);
			runOnlyForDeploymentPostprocessing = 0;
		};
/* End PBXSourcesBuildPhase section */

/* Begin XCBuildConfiguration section */
		6872107926BA68AB0044A8E9 /* Debug */ = {
			isa = XCBuildConfiguration;
			buildSettings = {
				ALWAYS_SEARCH_USER_PATHS = NO;
				CLANG_ANALYZER_NONNULL = YES;
				CLANG_ANALYZER_NUMBER_OBJECT_CONVERSION = YES_AGGRESSIVE;
				CLANG_CXX_LANGUAGE_STANDARD = "gnu++14";
				CLANG_CXX_LIBRARY = "libc++";
				CLANG_ENABLE_MODULES = YES;
				CLANG_ENABLE_OBJC_ARC = YES;
				CLANG_ENABLE_OBJC_WEAK = YES;
				CLANG_WARN_BLOCK_CAPTURE_AUTORELEASING = YES;
				CLANG_WARN_BOOL_CONVERSION = YES;
				CLANG_WARN_COMMA = YES;
				CLANG_WARN_CONSTANT_CONVERSION = YES;
				CLANG_WARN_DEPRECATED_OBJC_IMPLEMENTATIONS = YES;
				CLANG_WARN_DIRECT_OBJC_ISA_USAGE = YES_ERROR;
				CLANG_WARN_DOCUMENTATION_COMMENTS = YES;
				CLANG_WARN_EMPTY_BODY = YES;
				CLANG_WARN_ENUM_CONVERSION = YES;
				CLANG_WARN_INFINITE_RECURSION = YES;
				CLANG_WARN_INT_CONVERSION = YES;
				CLANG_WARN_NON_LITERAL_NULL_CONVERSION = YES;
				CLANG_WARN_OBJC_IMPLICIT_RETAIN_SELF = YES;
				CLANG_WARN_OBJC_LITERAL_CONVERSION = YES;
				CLANG_WARN_OBJC_ROOT_CLASS = YES_ERROR;
				CLANG_WARN_QUOTED_INCLUDE_IN_FRAMEWORK_HEADER = YES;
				CLANG_WARN_RANGE_LOOP_ANALYSIS = YES;
				CLANG_WARN_STRICT_PROTOTYPES = YES;
				CLANG_WARN_SUSPICIOUS_MOVE = YES;
				CLANG_WARN_UNGUARDED_AVAILABILITY = YES_AGGRESSIVE;
				CLANG_WARN_UNREACHABLE_CODE = YES;
				CLANG_WARN__DUPLICATE_METHOD_MATCH = YES;
				COPY_PHASE_STRIP = NO;
				DEBUG_INFORMATION_FORMAT = dwarf;
				ENABLE_STRICT_OBJC_MSGSEND = YES;
				ENABLE_TESTABILITY = YES;
				GCC_C_LANGUAGE_STANDARD = gnu11;
				GCC_DYNAMIC_NO_PIC = NO;
				GCC_NO_COMMON_BLOCKS = YES;
				GCC_OPTIMIZATION_LEVEL = 0;
				GCC_PREPROCESSOR_DEFINITIONS = (
					"DEBUG=1",
					"$(inherited)",
				);
				GCC_WARN_64_TO_32_BIT_CONVERSION = YES;
				GCC_WARN_ABOUT_RETURN_TYPE = YES_ERROR;
				GCC_WARN_UNDECLARED_SELECTOR = YES;
				GCC_WARN_UNINITIALIZED_AUTOS = YES_AGGRESSIVE;
				GCC_WARN_UNUSED_FUNCTION = YES;
				GCC_WARN_UNUSED_VARIABLE = YES;
				IPHONEOS_DEPLOYMENT_TARGET = 14.3;
				MTL_ENABLE_DEBUG_INFO = INCLUDE_SOURCE;
				MTL_FAST_MATH = YES;
				ONLY_ACTIVE_ARCH = YES;
				SDKROOT = iphoneos;
				SWIFT_ACTIVE_COMPILATION_CONDITIONS = DEBUG;
				SWIFT_OPTIMIZATION_LEVEL = "-Onone";
			};
			name = Debug;
		};
		6872107A26BA68AB0044A8E9 /* Release */ = {
			isa = XCBuildConfiguration;
			buildSettings = {
				ALWAYS_SEARCH_USER_PATHS = NO;
				CLANG_ANALYZER_NONNULL = YES;
				CLANG_ANALYZER_NUMBER_OBJECT_CONVERSION = YES_AGGRESSIVE;
				CLANG_CXX_LANGUAGE_STANDARD = "gnu++14";
				CLANG_CXX_LIBRARY = "libc++";
				CLANG_ENABLE_MODULES = YES;
				CLANG_ENABLE_OBJC_ARC = YES;
				CLANG_ENABLE_OBJC_WEAK = YES;
				CLANG_WARN_BLOCK_CAPTURE_AUTORELEASING = YES;
				CLANG_WARN_BOOL_CONVERSION = YES;
				CLANG_WARN_COMMA = YES;
				CLANG_WARN_CONSTANT_CONVERSION = YES;
				CLANG_WARN_DEPRECATED_OBJC_IMPLEMENTATIONS = YES;
				CLANG_WARN_DIRECT_OBJC_ISA_USAGE = YES_ERROR;
				CLANG_WARN_DOCUMENTATION_COMMENTS = YES;
				CLANG_WARN_EMPTY_BODY = YES;
				CLANG_WARN_ENUM_CONVERSION = YES;
				CLANG_WARN_INFINITE_RECURSION = YES;
				CLANG_WARN_INT_CONVERSION = YES;
				CLANG_WARN_NON_LITERAL_NULL_CONVERSION = YES;
				CLANG_WARN_OBJC_IMPLICIT_RETAIN_SELF = YES;
				CLANG_WARN_OBJC_LITERAL_CONVERSION = YES;
				CLANG_WARN_OBJC_ROOT_CLASS = YES_ERROR;
				CLANG_WARN_QUOTED_INCLUDE_IN_FRAMEWORK_HEADER = YES;
				CLANG_WARN_RANGE_LOOP_ANALYSIS = YES;
				CLANG_WARN_STRICT_PROTOTYPES = YES;
				CLANG_WARN_SUSPICIOUS_MOVE = YES;
				CLANG_WARN_UNGUARDED_AVAILABILITY = YES_AGGRESSIVE;
				CLANG_WARN_UNREACHABLE_CODE = YES;
				CLANG_WARN__DUPLICATE_METHOD_MATCH = YES;
				COPY_PHASE_STRIP = NO;
				DEBUG_INFORMATION_FORMAT = "dwarf-with-dsym";
				ENABLE_NS_ASSERTIONS = NO;
				ENABLE_STRICT_OBJC_MSGSEND = YES;
				GCC_C_LANGUAGE_STANDARD = gnu11;
				GCC_NO_COMMON_BLOCKS = YES;
				GCC_WARN_64_TO_32_BIT_CONVERSION = YES;
				GCC_WARN_ABOUT_RETURN_TYPE = YES_ERROR;
				GCC_WARN_UNDECLARED_SELECTOR = YES;
				GCC_WARN_UNINITIALIZED_AUTOS = YES_AGGRESSIVE;
				GCC_WARN_UNUSED_FUNCTION = YES;
				GCC_WARN_UNUSED_VARIABLE = YES;
				IPHONEOS_DEPLOYMENT_TARGET = 14.3;
				MTL_ENABLE_DEBUG_INFO = NO;
				MTL_FAST_MATH = YES;
				SDKROOT = iphoneos;
				SWIFT_COMPILATION_MODE = wholemodule;
				SWIFT_OPTIMIZATION_LEVEL = "-O";
				VALIDATE_PRODUCT = YES;
			};
			name = Release;
		};
		6872107C26BA68AB0044A8E9 /* Debug */ = {
			isa = XCBuildConfiguration;
			buildSettings = {
				ASSETCATALOG_COMPILER_APPICON_NAME = AppIcon;
				ASSETCATALOG_COMPILER_GLOBAL_ACCENT_COLOR_NAME = AccentColor;
				CODE_SIGN_STYLE = Automatic;
				DEVELOPMENT_ASSET_PATHS = "\"Todo/Preview Content\"";
				DEVELOPMENT_TEAM = 6B8USNFRGW;
				ENABLE_PREVIEWS = YES;
				INFOPLIST_FILE = Todo/Info.plist;
				IPHONEOS_DEPLOYMENT_TARGET = 14.0;
				LD_RUNPATH_SEARCH_PATHS = (
					"$(inherited)",
					"@executable_path/Frameworks",
				);
				PRODUCT_BUNDLE_IDENTIFIER = com.Rusinovich.Todo;
				PRODUCT_NAME = "$(TARGET_NAME)";
				SWIFT_VERSION = 5.0;
				TARGETED_DEVICE_FAMILY = "1,2";
			};
			name = Debug;
		};
		6872107D26BA68AB0044A8E9 /* Release */ = {
			isa = XCBuildConfiguration;
			buildSettings = {
				ASSETCATALOG_COMPILER_APPICON_NAME = AppIcon;
				ASSETCATALOG_COMPILER_GLOBAL_ACCENT_COLOR_NAME = AccentColor;
				CODE_SIGN_STYLE = Automatic;
				DEVELOPMENT_ASSET_PATHS = "\"Todo/Preview Content\"";
				DEVELOPMENT_TEAM = 6B8USNFRGW;
				ENABLE_PREVIEWS = YES;
				INFOPLIST_FILE = Todo/Info.plist;
				IPHONEOS_DEPLOYMENT_TARGET = 14.0;
				LD_RUNPATH_SEARCH_PATHS = (
					"$(inherited)",
					"@executable_path/Frameworks",
				);
				PRODUCT_BUNDLE_IDENTIFIER = com.Rusinovich.Todo;
				PRODUCT_NAME = "$(TARGET_NAME)";
				SWIFT_VERSION = 5.0;
				TARGETED_DEVICE_FAMILY = "1,2";
			};
			name = Release;
		};
/* End XCBuildConfiguration section */

/* Begin XCConfigurationList section */
		6872106726BA68AA0044A8E9 /* Build configuration list for PBXProject "Todo" */ = {
			isa = XCConfigurationList;
			buildConfigurations = (
				6872107926BA68AB0044A8E9 /* Debug */,
				6872107A26BA68AB0044A8E9 /* Release */,
			);
			defaultConfigurationIsVisible = 0;
			defaultConfigurationName = Release;
		};
		6872107B26BA68AB0044A8E9 /* Build configuration list for PBXNativeTarget "Todo" */ = {
			isa = XCConfigurationList;
			buildConfigurations = (
				6872107C26BA68AB0044A8E9 /* Debug */,
				6872107D26BA68AB0044A8E9 /* Release */,
			);
			defaultConfigurationIsVisible = 0;
			defaultConfigurationName = Release;
		};
/* End XCConfigurationList section */
	};
	rootObject = 6872106426BA68AA0044A8E9 /* Project object */;
}
